
Microsoft Visual Studio Solution File, Format Version 12.00
# Visual Studio Version 17
VisualStudioVersion = 17.6.33829.357
MinimumVisualStudioVersion = 10.0.40219.1
Project("{FAE04EC0-301F-11D3-BF4B-00C04F79EFBC}") = "bai4_giaiphuongtrinhbac1", "bai4_giaiphuongtrinhbac1.csproj", "{8F64DAF4-7774-4A54-B475-BE48DEB8FBD4}"
EndProject
Global
	GlobalSection(SolutionConfigurationPlatforms) = preSolution
		Debug|Any CPU = Debug|Any CPU
		Release|Any CPU = Release|Any CPU
	EndGlobalSection
	GlobalSection(ProjectConfigurationPlatforms) = postSolution
		{8F64DAF4-7774-4A54-B475-BE48DEB8FBD4}.Debug|Any CPU.ActiveCfg = Debug|Any CPU
		{8F64DAF4-7774-4A54-B475-BE48DEB8FBD4}.Debug|Any CPU.Build.0 = Debug|Any CPU
		{8F64DAF4-7774-4A54-B475-BE48DEB8FBD4}.Release|Any CPU.ActiveCfg = Release|Any CPU
		{8F64DAF4-7774-4A54-B475-BE48DEB8FBD4}.Release|Any CPU.Build.0 = Release|Any CPU
	EndGlobalSection
	GlobalSection(SolutionProperties) = preSolution
		HideSolutionNode = FALSE
	EndGlobalSection
	GlobalSection(ExtensibilityGlobals) = postSolution
		SolutionGuid = {4461E6B3-70F1-421A-97D2-0204A2F8C238}
	EndGlobalSection
EndGlobal
